
Microsoft Visual Studio Solution File, Format Version 12.00
# Visual Studio Version 17
VisualStudioVersion = 17.10.35122.118
MinimumVisualStudioVersion = 10.0.40219.1
Project("{FAE04EC0-301F-11D3-BF4B-00C04F79EFBC}") = "iRacingStages", "iRacingStages.csproj", "{C99000A7-FF13-4D74-9187-F0EC3B5CB4C2}"
EndProject
Global
	GlobalSection(SolutionConfigurationPlatforms) = preSolution
		Debug|Any CPU = Debug|Any CPU
		Release|Any CPU = Release|Any CPU
	EndGlobalSection
	GlobalSection(ProjectConfigurationPlatforms) = postSolution
		{C99000A7-FF13-4D74-9187-F0EC3B5CB4C2}.Debug|Any CPU.ActiveCfg = Debug|Any CPU
		{C99000A7-FF13-4D74-9187-F0EC3B5CB4C2}.Debug|Any CPU.Build.0 = Debug|Any CPU
		{C99000A7-FF13-4D74-9187-F0EC3B5CB4C2}.Release|Any CPU.ActiveCfg = Release|Any CPU
		{C99000A7-FF13-4D74-9187-F0EC3B5CB4C2}.Release|Any CPU.Build.0 = Release|Any CPU
	EndGlobalSection
	GlobalSection(SolutionProperties) = preSolution
		HideSolutionNode = FALSE
	EndGlobalSection
	GlobalSection(ExtensibilityGlobals) = postSolution
		SolutionGuid = {14CDD1B0-0371-443C-AAF8-3D20BB7245C0}
	EndGlobalSection
EndGlobal
